
Microsoft Visual Studio Solution File, Format Version 12.00
# Visual Studio Version 17
VisualStudioVersion = 17.12.35707.178
MinimumVisualStudioVersion = 10.0.40219.1
Project("{FAE04EC0-301F-11D3-BF4B-00C04F79EFBC}") = "FlightManagement.Common", "FlightManagement.Common\FlightManagement.Common.csproj", "{528979D7-F965-482D-9EAE-2780E787ABC7}"
EndProject
Project("{FAE04EC0-301F-11D3-BF4B-00C04F79EFBC}") = "FlightManagement.Services", "FlightManagement.Services\FlightManagement.Services.csproj", "{F4E7FC26-858C-4DBE-A288-7D7B07D13347}"
EndProject
Project("{FAE04EC0-301F-11D3-BF4B-00C04F79EFBC}") = "FlightManagement", "FlightManagment\FlightManagement.csproj", "{2A0AFCF9-6818-4DE0-A282-BE3E79FCE914}"
EndProject
Project("{FAE04EC0-301F-11D3-BF4B-00C04F79EFBC}") = "FlightManagement.UnitTest", "FlightManagement.Test\FlightManagement.UnitTest.csproj", "{C1EE7CD0-E81A-4F11-BA05-F652995032BC}"
EndProject
Global
	GlobalSection(SolutionConfigurationPlatforms) = preSolution
		Debug|Any CPU = Debug|Any CPU
		Release|Any CPU = Release|Any CPU
	EndGlobalSection
	GlobalSection(ProjectConfigurationPlatforms) = postSolution
		{528979D7-F965-482D-9EAE-2780E787ABC7}.Debug|Any CPU.ActiveCfg = Debug|Any CPU
		{528979D7-F965-482D-9EAE-2780E787ABC7}.Debug|Any CPU.Build.0 = Debug|Any CPU
		{528979D7-F965-482D-9EAE-2780E787ABC7}.Release|Any CPU.ActiveCfg = Release|Any CPU
		{528979D7-F965-482D-9EAE-2780E787ABC7}.Release|Any CPU.Build.0 = Release|Any CPU
		{F4E7FC26-858C-4DBE-A288-7D7B07D13347}.Debug|Any CPU.ActiveCfg = Debug|Any CPU
		{F4E7FC26-858C-4DBE-A288-7D7B07D13347}.Debug|Any CPU.Build.0 = Debug|Any CPU
		{F4E7FC26-858C-4DBE-A288-7D7B07D13347}.Release|Any CPU.ActiveCfg = Release|Any CPU
		{F4E7FC26-858C-4DBE-A288-7D7B07D13347}.Release|Any CPU.Build.0 = Release|Any CPU
		{2A0AFCF9-6818-4DE0-A282-BE3E79FCE914}.Debug|Any CPU.ActiveCfg = Debug|Any CPU
		{2A0AFCF9-6818-4DE0-A282-BE3E79FCE914}.Debug|Any CPU.Build.0 = Debug|Any CPU
		{2A0AFCF9-6818-4DE0-A282-BE3E79FCE914}.Release|Any CPU.ActiveCfg = Release|Any CPU
		{2A0AFCF9-6818-4DE0-A282-BE3E79FCE914}.Release|Any CPU.Build.0 = Release|Any CPU
		{C1EE7CD0-E81A-4F11-BA05-F652995032BC}.Debug|Any CPU.ActiveCfg = Debug|Any CPU
		{C1EE7CD0-E81A-4F11-BA05-F652995032BC}.Debug|Any CPU.Build.0 = Debug|Any CPU
		{C1EE7CD0-E81A-4F11-BA05-F652995032BC}.Release|Any CPU.ActiveCfg = Release|Any CPU
		{C1EE7CD0-E81A-4F11-BA05-F652995032BC}.Release|Any CPU.Build.0 = Release|Any CPU
	EndGlobalSection
	GlobalSection(SolutionProperties) = preSolution
		HideSolutionNode = FALSE
	EndGlobalSection
EndGlobal
